{
    "format_version": "1.0",
    "terraform_version": "1.1.9",
    "planned_values": {
        "root_module": {
            "resources": [
                {
                    "address": "aws_s3_bucket.b",
                    "mode": "managed",
                    "type": "aws_s3_bucket",
                    "name": "b",
                    "provider_name": "registry.terraform.io/hashicorp/aws",
                    "schema_version": 0,
                    "values": {
                        "acl": "private",
                        "bucket": "airadier-s3-public-bucket",
                        "bucket_prefix": null,
                        "cors_rule": [],
                        "force_destroy": false,
                        "grant": [],
                        "lifecycle_rule": [],
                        "logging": [],
                        "policy": null,
                        "replication_configuration": [],
                        "server_side_encryption_configuration": [],
                        "tags": {
                            "Name": "airadier test S3 bucket with public access"
                        },
                        "tags_all": {
                            "Name": "airadier test S3 bucket with public access"
                        },
                        "website": []
                    },
                    "sensitive_values": {
                        "cors_rule": [],
                        "grant": [],
                        "lifecycle_rule": [],
                        "logging": [],
                        "object_lock_configuration": [],
                        "replication_configuration": [],
                        "server_side_encryption_configuration": [],
                        "tags": {},
                        "tags_all": {},
                        "versioning": [],
                        "website": []
                    }
                }
            ]
        }
    },
    "resource_changes": [
        {
            "address": "aws_s3_bucket.b",
            "mode": "managed",
            "type": "aws_s3_bucket",
            "name": "b",
            "provider_name": "registry.terraform.io/hashicorp/aws",
            "change": {
                "actions": [
                    "create"
                ],
                "before": null,
                "after": {
                    "acl": "private",
                    "bucket": "airadier-s3-public-bucket",
                    "bucket_prefix": null,
                    "cors_rule": [],
                    "force_destroy": false,
                    "grant": [],
                    "lifecycle_rule": [],
                    "logging": [],
                    "policy": null,
                    "replication_configuration": [],
                    "server_side_encryption_configuration": [],
                    "tags": {
                        "Name": "airadier test S3 bucket with public access"
                    },
                    "tags_all": {
                        "Name": "airadier test S3 bucket with public access"
                    },
                    "website": []
                },
                "after_unknown": {
                    "acceleration_status": true,
                    "arn": true,
                    "bucket_domain_name": true,
                    "bucket_regional_domain_name": true,
                    "cors_rule": [],
                    "grant": [],
                    "hosted_zone_id": true,
                    "id": true,
                    "lifecycle_rule": [],
                    "logging": [],
                    "object_lock_configuration": true,
                    "object_lock_enabled": true,
                    "region": true,
                    "replication_configuration": [],
                    "request_payer": true,
                    "server_side_encryption_configuration": [],
                    "tags": {},
                    "tags_all": {},
                    "versioning": true,
                    "website": [],
                    "website_domain": true,
                    "website_endpoint": true
                },
                "before_sensitive": false,
                "after_sensitive": {
                    "cors_rule": [],
                    "grant": [],
                    "lifecycle_rule": [],
                    "logging": [],
                    "object_lock_configuration": [],
                    "replication_configuration": [],
                    "server_side_encryption_configuration": [],
                    "tags": {},
                    "tags_all": {},
                    "versioning": [],
                    "website": []
                }
            }
        }
    ],
    "prior_state": {
        "format_version": "1.0",
        "terraform_version": "1.1.9",
        "values": {
            "root_module": {
                "resources": [
                    {
                        "address": "data.aws_canonical_user_id.current",
                        "mode": "data",
                        "type": "aws_canonical_user_id",
                        "name": "current",
                        "provider_name": "registry.terraform.io/hashicorp/aws",
                        "schema_version": 0,
                        "values": {
                            "display_name": "opsadmin+demo",
                            "id": "65ce113e3d99c0c6dc68db3dd304ebae6b2de8a1737e231593479bf51add2c18"
                        },
                        "sensitive_values": {}
                    }
                ]
            }
        }
    },
    "configuration": {
        "provider_config": {
            "aws": {
                "name": "aws",
                "version_constraint": "~\u003e 3.0"
            }
        },
        "root_module": {
            "resources": [
                {
                    "address": "aws_s3_bucket.b",
                    "mode": "managed",
                    "type": "aws_s3_bucket",
                    "name": "b",
                    "provider_config_key": "aws",
                    "expressions": {
                        "bucket": {
                            "constant_value": "airadier-s3-public-bucket"
                        },
                        "tags": {
                            "constant_value": {
                                "Name": "airadier test S3 bucket with public access"
                            }
                        }
                    },
                    "schema_version": 0
                },
                {
                    "address": "data.aws_canonical_user_id.current",
                    "mode": "data",
                    "type": "aws_canonical_user_id",
                    "name": "current",
                    "provider_config_key": "aws",
                    "schema_version": 0
                }
            ]
        }
    }
}
